
Microsoft Visual Studio Solution File, Format Version 12.00
# Visual Studio Version 17
VisualStudioVersion = 17.4.33213.308
MinimumVisualStudioVersion = 10.0.40219.1
Project("{FAE04EC0-301F-11D3-BF4B-00C04F79EFBC}") = "DatXe", "DatXe\DatXe.csproj", "{AEB1EC43-F7F4-421E-B9BD-CCD1E4A89C1C}"
EndProject
Global
	GlobalSection(SolutionConfigurationPlatforms) = preSolution
		Debug|Any CPU = Debug|Any CPU
		Release|Any CPU = Release|Any CPU
	EndGlobalSection
	GlobalSection(ProjectConfigurationPlatforms) = postSolution
		{AEB1EC43-F7F4-421E-B9BD-CCD1E4A89C1C}.Debug|Any CPU.ActiveCfg = Debug|Any CPU
		{AEB1EC43-F7F4-421E-B9BD-CCD1E4A89C1C}.Debug|Any CPU.Build.0 = Debug|Any CPU
		{AEB1EC43-F7F4-421E-B9BD-CCD1E4A89C1C}.Release|Any CPU.ActiveCfg = Release|Any CPU
		{AEB1EC43-F7F4-421E-B9BD-CCD1E4A89C1C}.Release|Any CPU.Build.0 = Release|Any CPU
	EndGlobalSection
	GlobalSection(SolutionProperties) = preSolution
		HideSolutionNode = FALSE
	EndGlobalSection
	GlobalSection(ExtensibilityGlobals) = postSolution
		SolutionGuid = {ADAE1EBC-17B6-44A2-867A-D4C03033CD01}
	EndGlobalSection
EndGlobal
